
Microsoft Visual Studio Solution File, Format Version 12.00
# Visual Studio Version 17
VisualStudioVersion = 17.13.35931.197
MinimumVisualStudioVersion = 10.0.40219.1
Project("{FAE04EC0-301F-11D3-BF4B-00C04F79EFBC}") = "ExpenseBook", "ExpenseBook\ExpenseBook.csproj", "{9746558A-E4C9-4447-9F67-3EB780C292D3}"
EndProject
Project("{FAE04EC0-301F-11D3-BF4B-00C04F79EFBC}") = "ExpenseBook.Logic", "ExpenseBook.Logic\ExpenseBook.Logic.csproj", "{C320578E-2E57-478F-AD55-7DF76BD98EE3}"
EndProject
Project("{FAE04EC0-301F-11D3-BF4B-00C04F79EFBC}") = "ExpenseBook.Data", "ExpenseBook.Data\ExpenseBook.Data.csproj", "{6502E2CC-6E30-4D02-A6BA-D37DB9AFA5B6}"
EndProject
Global
	GlobalSection(SolutionConfigurationPlatforms) = preSolution
		Debug|Any CPU = Debug|Any CPU
		Debug|x64 = Debug|x64
		Debug|x86 = Debug|x86
		Release|Any CPU = Release|Any CPU
		Release|x64 = Release|x64
		Release|x86 = Release|x86
	EndGlobalSection
	GlobalSection(ProjectConfigurationPlatforms) = postSolution
		{9746558A-E4C9-4447-9F67-3EB780C292D3}.Debug|Any CPU.ActiveCfg = Debug|Any CPU
		{9746558A-E4C9-4447-9F67-3EB780C292D3}.Debug|Any CPU.Build.0 = Debug|Any CPU
		{9746558A-E4C9-4447-9F67-3EB780C292D3}.Debug|x64.ActiveCfg = Debug|Any CPU
		{9746558A-E4C9-4447-9F67-3EB780C292D3}.Debug|x64.Build.0 = Debug|Any CPU
		{9746558A-E4C9-4447-9F67-3EB780C292D3}.Debug|x86.ActiveCfg = Debug|Any CPU
		{9746558A-E4C9-4447-9F67-3EB780C292D3}.Debug|x86.Build.0 = Debug|Any CPU
		{9746558A-E4C9-4447-9F67-3EB780C292D3}.Release|Any CPU.ActiveCfg = Release|Any CPU
		{9746558A-E4C9-4447-9F67-3EB780C292D3}.Release|Any CPU.Build.0 = Release|Any CPU
		{9746558A-E4C9-4447-9F67-3EB780C292D3}.Release|x64.ActiveCfg = Release|Any CPU
		{9746558A-E4C9-4447-9F67-3EB780C292D3}.Release|x64.Build.0 = Release|Any CPU
		{9746558A-E4C9-4447-9F67-3EB780C292D3}.Release|x86.ActiveCfg = Release|Any CPU
		{9746558A-E4C9-4447-9F67-3EB780C292D3}.Release|x86.Build.0 = Release|Any CPU
		{C320578E-2E57-478F-AD55-7DF76BD98EE3}.Debug|Any CPU.ActiveCfg = Debug|Any CPU
		{C320578E-2E57-478F-AD55-7DF76BD98EE3}.Debug|Any CPU.Build.0 = Debug|Any CPU
		{C320578E-2E57-478F-AD55-7DF76BD98EE3}.Debug|x64.ActiveCfg = Debug|Any CPU
		{C320578E-2E57-478F-AD55-7DF76BD98EE3}.Debug|x64.Build.0 = Debug|Any CPU
		{C320578E-2E57-478F-AD55-7DF76BD98EE3}.Debug|x86.ActiveCfg = Debug|Any CPU
		{C320578E-2E57-478F-AD55-7DF76BD98EE3}.Debug|x86.Build.0 = Debug|Any CPU
		{C320578E-2E57-478F-AD55-7DF76BD98EE3}.Release|Any CPU.ActiveCfg = Release|Any CPU
		{C320578E-2E57-478F-AD55-7DF76BD98EE3}.Release|Any CPU.Build.0 = Release|Any CPU
		{C320578E-2E57-478F-AD55-7DF76BD98EE3}.Release|x64.ActiveCfg = Release|Any CPU
		{C320578E-2E57-478F-AD55-7DF76BD98EE3}.Release|x64.Build.0 = Release|Any CPU
		{C320578E-2E57-478F-AD55-7DF76BD98EE3}.Release|x86.ActiveCfg = Release|Any CPU
		{C320578E-2E57-478F-AD55-7DF76BD98EE3}.Release|x86.Build.0 = Release|Any CPU
		{6502E2CC-6E30-4D02-A6BA-D37DB9AFA5B6}.Debug|Any CPU.ActiveCfg = Debug|Any CPU
		{6502E2CC-6E30-4D02-A6BA-D37DB9AFA5B6}.Debug|Any CPU.Build.0 = Debug|Any CPU
		{6502E2CC-6E30-4D02-A6BA-D37DB9AFA5B6}.Debug|x64.ActiveCfg = Debug|Any CPU
		{6502E2CC-6E30-4D02-A6BA-D37DB9AFA5B6}.Debug|x64.Build.0 = Debug|Any CPU
		{6502E2CC-6E30-4D02-A6BA-D37DB9AFA5B6}.Debug|x86.ActiveCfg = Debug|Any CPU
		{6502E2CC-6E30-4D02-A6BA-D37DB9AFA5B6}.Debug|x86.Build.0 = Debug|Any CPU
		{6502E2CC-6E30-4D02-A6BA-D37DB9AFA5B6}.Release|Any CPU.ActiveCfg = Release|Any CPU
		{6502E2CC-6E30-4D02-A6BA-D37DB9AFA5B6}.Release|Any CPU.Build.0 = Release|Any CPU
		{6502E2CC-6E30-4D02-A6BA-D37DB9AFA5B6}.Release|x64.ActiveCfg = Release|Any CPU
		{6502E2CC-6E30-4D02-A6BA-D37DB9AFA5B6}.Release|x64.Build.0 = Release|Any CPU
		{6502E2CC-6E30-4D02-A6BA-D37DB9AFA5B6}.Release|x86.ActiveCfg = Release|Any CPU
		{6502E2CC-6E30-4D02-A6BA-D37DB9AFA5B6}.Release|x86.Build.0 = Release|Any CPU
	EndGlobalSection
	GlobalSection(SolutionProperties) = preSolution
		HideSolutionNode = FALSE
	EndGlobalSection
	GlobalSection(ExtensibilityGlobals) = postSolution
		SolutionGuid = {A5E7BEE5-199A-4FE5-859D-925B2CE587E0}
	EndGlobalSection
EndGlobal
