
Microsoft Visual Studio Solution File, Format Version 12.00
# Visual Studio Version 17
VisualStudioVersion = 17.13.35931.197 d17.13
MinimumVisualStudioVersion = 10.0.40219.1
Project("{FAE04EC0-301F-11D3-BF4B-00C04F79EFBC}") = "ExpenseBook", "ExpenseBook\ExpenseBook.csproj", "{9746558A-E4C9-4447-9F67-3EB780C292D3}"
EndProject
Global
	GlobalSection(SolutionConfigurationPlatforms) = preSolution
		Debug|Any CPU = Debug|Any CPU
		Release|Any CPU = Release|Any CPU
	EndGlobalSection
	GlobalSection(ProjectConfigurationPlatforms) = postSolution
		{9746558A-E4C9-4447-9F67-3EB780C292D3}.Debug|Any CPU.ActiveCfg = Debug|Any CPU
		{9746558A-E4C9-4447-9F67-3EB780C292D3}.Debug|Any CPU.Build.0 = Debug|Any CPU
		{9746558A-E4C9-4447-9F67-3EB780C292D3}.Release|Any CPU.ActiveCfg = Release|Any CPU
		{9746558A-E4C9-4447-9F67-3EB780C292D3}.Release|Any CPU.Build.0 = Release|Any CPU
	EndGlobalSection
	GlobalSection(SolutionProperties) = preSolution
		HideSolutionNode = FALSE
	EndGlobalSection
	GlobalSection(ExtensibilityGlobals) = postSolution
		SolutionGuid = {A5E7BEE5-199A-4FE5-859D-925B2CE587E0}
	EndGlobalSection
EndGlobal
